// !$*UTF8*$!
{
	archiveVersion = 1;
	classes = {
	};
	objectVersion = 50;
	objects = {

/* Begin PBXFileReference section */
		A58173C124DD405A00F5B46A /* create_tree_from_testbeam_data.py */ = {isa = PBXFileReference; lastKnownFileType = text.script.python; path = create_tree_from_testbeam_data.py; sourceTree = "<group>"; };
		A5B8C34323293FDD006A036C /* sync_with_tracks_inter_toyMC.py */ = {isa = PBXFileReference; lastKnownFileType = text.script.python; path = sync_with_tracks_inter_toyMC.py; sourceTree = "<group>"; };
/* End PBXFileReference section */

/* Begin PBXGroup section */
		A5B8C33C23293EDF006A036C = {
			isa = PBXGroup;
			children = (
				A58173C124DD405A00F5B46A /* create_tree_from_testbeam_data.py */,
				A5B8C34323293FDD006A036C /* sync_with_tracks_inter_toyMC.py */,
			);
			sourceTree = "<group>";
		};
/* End PBXGroup section */

/* Begin PBXProject section */
		A5B8C33D23293EDF006A036C /* Project object */ = {
			isa = PBXProject;
			attributes = {
				LastUpgradeCheck = 1030;
			};
			buildConfigurationList = A5B8C34023293EDF006A036C /* Build configuration list for PBXProject "SST test beam 2017 analysis" */;
			compatibilityVersion = "Xcode 9.3";
			developmentRegion = en;
			hasScannedForEncodings = 0;
			knownRegions = (
				en,
			);
			mainGroup = A5B8C33C23293EDF006A036C;
			projectDirPath = "";
			projectRoot = "";
			targets = (
			);
		};
/* End PBXProject section */

/* Begin XCBuildConfiguration section */
		A5B8C34123293EDF006A036C /* Debug */ = {
			isa = XCBuildConfiguration;
			buildSettings = {
			};
			name = Debug;
		};
		A5B8C34223293EDF006A036C /* Release */ = {
			isa = XCBuildConfiguration;
			buildSettings = {
			};
			name = Release;
		};
/* End XCBuildConfiguration section */

/* Begin XCConfigurationList section */
		A5B8C34023293EDF006A036C /* Build configuration list for PBXProject "SST test beam 2017 analysis" */ = {
			isa = XCConfigurationList;
			buildConfigurations = (
				A5B8C34123293EDF006A036C /* Debug */,
				A5B8C34223293EDF006A036C /* Release */,
			);
			defaultConfigurationIsVisible = 0;
			defaultConfigurationName = Release;
		};
/* End XCConfigurationList section */
	};
	rootObject = A5B8C33D23293EDF006A036C /* Project object */;
}
